
Microsoft Visual Studio Solution File, Format Version 12.00
# Visual Studio 14
VisualStudioVersion = 14.0.23107.0
MinimumVisualStudioVersion = 10.0.40219.1
Project("{FAE04EC0-301F-11D3-BF4B-00C04F79EFBC}") = "ReactiveMicroservices", "ReactiveMicroservices\ReactiveMicroservices.csproj", "{D36BC7F6-F219-4044-B5FD-EB7D053BCDFB}"
EndProject
Project("{F2A71F9B-5D33-465A-A702-920D77279786}") = "FSharpReactiveExample", "FSharpReactiveExample\FSharpReactiveExample.fsproj", "{9867D95B-0C57-4FEA-94C8-9BAF19175CC0}"
EndProject
Global
	GlobalSection(SolutionConfigurationPlatforms) = preSolution
		Debug|Any CPU = Debug|Any CPU
		Release|Any CPU = Release|Any CPU
	EndGlobalSection
	GlobalSection(ProjectConfigurationPlatforms) = postSolution
		{D36BC7F6-F219-4044-B5FD-EB7D053BCDFB}.Debug|Any CPU.ActiveCfg = Debug|Any CPU
		{D36BC7F6-F219-4044-B5FD-EB7D053BCDFB}.Debug|Any CPU.Build.0 = Debug|Any CPU
		{D36BC7F6-F219-4044-B5FD-EB7D053BCDFB}.Release|Any CPU.ActiveCfg = Release|Any CPU
		{D36BC7F6-F219-4044-B5FD-EB7D053BCDFB}.Release|Any CPU.Build.0 = Release|Any CPU
		{9867D95B-0C57-4FEA-94C8-9BAF19175CC0}.Debug|Any CPU.ActiveCfg = Debug|Any CPU
		{9867D95B-0C57-4FEA-94C8-9BAF19175CC0}.Debug|Any CPU.Build.0 = Debug|Any CPU
		{9867D95B-0C57-4FEA-94C8-9BAF19175CC0}.Release|Any CPU.ActiveCfg = Release|Any CPU
		{9867D95B-0C57-4FEA-94C8-9BAF19175CC0}.Release|Any CPU.Build.0 = Release|Any CPU
	EndGlobalSection
	GlobalSection(SolutionProperties) = preSolution
		HideSolutionNode = FALSE
	EndGlobalSection
EndGlobal
